
Microsoft Visual Studio Solution File, Format Version 12.00
# Visual Studio Version 16
VisualStudioVersion = 16.0.31410.357
MinimumVisualStudioVersion = 10.0.40219.1
Project("{9A19103F-16F7-4668-BE54-9A1E7A4F7556}") = "Jugueteria.Api", "Jugueteria\Jugueteria.Api\Jugueteria.Api.csproj", "{9E241287-B392-4E70-97C7-BCC028ABA4D3}"
EndProject
Project("{9A19103F-16F7-4668-BE54-9A1E7A4F7556}") = "Jugueteria.Models", "Jugueteria\Jugueteria.Models\Jugueteria.Models.csproj", "{4639145E-C098-44BA-93F0-1182999DDE00}"
EndProject
Project("{9A19103F-16F7-4668-BE54-9A1E7A4F7556}") = "Jugueteria.Persistence", "Jugueteria\Jugueteria.Persistence\Jugueteria.Persistence.csproj", "{668B8D56-D4A5-4441-B236-D61FF7D1715F}"
EndProject
Project("{9A19103F-16F7-4668-BE54-9A1E7A4F7556}") = "Jugueteria.Service", "Jugueteria\Jugueteria.Service\Jugueteria.Service.csproj", "{B7B81F90-F10D-4C58-846C-A77E1B02CC2B}"
EndProject
Project("{FAE04EC0-301F-11D3-BF4B-00C04F79EFBC}") = "Jugeteria.Web", "Jugeteria.Web\Jugeteria.Web.csproj", "{F0493F20-C519-4D92-B736-85E042C07C6D}"
EndProject
Global
	GlobalSection(SolutionConfigurationPlatforms) = preSolution
		Debug|Any CPU = Debug|Any CPU
		Release|Any CPU = Release|Any CPU
	EndGlobalSection
	GlobalSection(ProjectConfigurationPlatforms) = postSolution
		{9E241287-B392-4E70-97C7-BCC028ABA4D3}.Debug|Any CPU.ActiveCfg = Debug|Any CPU
		{9E241287-B392-4E70-97C7-BCC028ABA4D3}.Debug|Any CPU.Build.0 = Debug|Any CPU
		{9E241287-B392-4E70-97C7-BCC028ABA4D3}.Release|Any CPU.ActiveCfg = Release|Any CPU
		{9E241287-B392-4E70-97C7-BCC028ABA4D3}.Release|Any CPU.Build.0 = Release|Any CPU
		{4639145E-C098-44BA-93F0-1182999DDE00}.Debug|Any CPU.ActiveCfg = Debug|Any CPU
		{4639145E-C098-44BA-93F0-1182999DDE00}.Debug|Any CPU.Build.0 = Debug|Any CPU
		{4639145E-C098-44BA-93F0-1182999DDE00}.Release|Any CPU.ActiveCfg = Release|Any CPU
		{4639145E-C098-44BA-93F0-1182999DDE00}.Release|Any CPU.Build.0 = Release|Any CPU
		{668B8D56-D4A5-4441-B236-D61FF7D1715F}.Debug|Any CPU.ActiveCfg = Debug|Any CPU
		{668B8D56-D4A5-4441-B236-D61FF7D1715F}.Debug|Any CPU.Build.0 = Debug|Any CPU
		{668B8D56-D4A5-4441-B236-D61FF7D1715F}.Release|Any CPU.ActiveCfg = Release|Any CPU
		{668B8D56-D4A5-4441-B236-D61FF7D1715F}.Release|Any CPU.Build.0 = Release|Any CPU
		{B7B81F90-F10D-4C58-846C-A77E1B02CC2B}.Debug|Any CPU.ActiveCfg = Debug|Any CPU
		{B7B81F90-F10D-4C58-846C-A77E1B02CC2B}.Debug|Any CPU.Build.0 = Debug|Any CPU
		{B7B81F90-F10D-4C58-846C-A77E1B02CC2B}.Release|Any CPU.ActiveCfg = Release|Any CPU
		{B7B81F90-F10D-4C58-846C-A77E1B02CC2B}.Release|Any CPU.Build.0 = Release|Any CPU
		{F0493F20-C519-4D92-B736-85E042C07C6D}.Debug|Any CPU.ActiveCfg = Debug|Any CPU
		{F0493F20-C519-4D92-B736-85E042C07C6D}.Debug|Any CPU.Build.0 = Debug|Any CPU
		{F0493F20-C519-4D92-B736-85E042C07C6D}.Release|Any CPU.ActiveCfg = Release|Any CPU
		{F0493F20-C519-4D92-B736-85E042C07C6D}.Release|Any CPU.Build.0 = Release|Any CPU
	EndGlobalSection
	GlobalSection(SolutionProperties) = preSolution
		HideSolutionNode = FALSE
	EndGlobalSection
	GlobalSection(ExtensibilityGlobals) = postSolution
		SolutionGuid = {454BDDEB-D3D4-4AFE-A436-A502D4ED7F8D}
	EndGlobalSection
EndGlobal
